// !$*UTF8*$!
{
	archiveVersion = 1;
	classes = {
	};
	objectVersion = 56;
	objects = {

/* Begin PBXBuildFile section */
		AF11742F2969BF3F00EDF86F /* DesignCodeSwiftUIApp.swift in Sources */ = {isa = PBXBuildFile; fileRef = AF11742E2969BF3F00EDF86F /* DesignCodeSwiftUIApp.swift */; };
		AF1174332969BF4100EDF86F /* Assets.xcassets in Resources */ = {isa = PBXBuildFile; fileRef = AF1174322969BF4100EDF86F /* Assets.xcassets */; };
		AF1174362969BF4100EDF86F /* Preview Assets.xcassets in Resources */ = {isa = PBXBuildFile; fileRef = AF1174352969BF4100EDF86F /* Preview Assets.xcassets */; };
		AF2056F0296AF776005928A8 /* StrokeStyle.swift in Sources */ = {isa = PBXBuildFile; fileRef = AF2056EF296AF776005928A8 /* StrokeStyle.swift */; };
		AF2056F2296AFB33005928A8 /* AccountView.swift in Sources */ = {isa = PBXBuildFile; fileRef = AF2056F1296AFB33005928A8 /* AccountView.swift */; };
		AF2056F4296B0785005928A8 /* BlobView.swift in Sources */ = {isa = PBXBuildFile; fileRef = AF2056F3296B0785005928A8 /* BlobView.swift */; };
		AF2056F6296B118F005928A8 /* TabBar.swift in Sources */ = {isa = PBXBuildFile; fileRef = AF2056F5296B118F005928A8 /* TabBar.swift */; };
		AF2056F8296B1507005928A8 /* TabItem.swift in Sources */ = {isa = PBXBuildFile; fileRef = AF2056F7296B1507005928A8 /* TabItem.swift */; };
		AF4F2C6B297340D4004F62F6 /* TabBarItemPreferenceKey.swift in Sources */ = {isa = PBXBuildFile; fileRef = AF4F2C6A297340D4004F62F6 /* TabBarItemPreferenceKey.swift */; };
		AF4F2C6D29734F3A004F62F6 /* SelectedTabBarItemKey.swift in Sources */ = {isa = PBXBuildFile; fileRef = AF4F2C6C29734F3A004F62F6 /* SelectedTabBarItemKey.swift */; };
		AF4F2C6F297356F4004F62F6 /* AppTabBar.swift in Sources */ = {isa = PBXBuildFile; fileRef = AF4F2C6E297356F4004F62F6 /* AppTabBar.swift */; };
		AF4F2C78297358C7004F62F6 /* HomeView.swift in Sources */ = {isa = PBXBuildFile; fileRef = AF4F2C77297358C7004F62F6 /* HomeView.swift */; };
		AF4F2C7B29735918004F62F6 /* FeaturedItem.swift in Sources */ = {isa = PBXBuildFile; fileRef = AF4F2C7A29735918004F62F6 /* FeaturedItem.swift */; };
		AF4F2C7D29735A05004F62F6 /* NavigationBar.swift in Sources */ = {isa = PBXBuildFile; fileRef = AF4F2C7C29735A05004F62F6 /* NavigationBar.swift */; };
		AFC8B1B92972F2CA002BF454 /* RoundedCornerShape.swift in Sources */ = {isa = PBXBuildFile; fileRef = AFC8B1B82972F2CA002BF454 /* RoundedCornerShape.swift */; };
		AFF395F629744268001D073A /* ScrollPreferenceKey.swift in Sources */ = {isa = PBXBuildFile; fileRef = AFF395F529744268001D073A /* ScrollPreferenceKey.swift */; };
		AFF395F829744A1D001D073A /* AnimatableFontModifier.swift in Sources */ = {isa = PBXBuildFile; fileRef = AFF395F729744A1D001D073A /* AnimatableFontModifier.swift */; };
		AFF395FA29744E62001D073A /* Course.swift in Sources */ = {isa = PBXBuildFile; fileRef = AFF395F929744E62001D073A /* Course.swift */; };
/* End PBXBuildFile section */

/* Begin PBXFileReference section */
		AF11742B2969BF3F00EDF86F /* DesignCodeSwiftUI.app */ = {isa = PBXFileReference; explicitFileType = wrapper.application; includeInIndex = 0; path = DesignCodeSwiftUI.app; sourceTree = BUILT_PRODUCTS_DIR; };
		AF11742E2969BF3F00EDF86F /* DesignCodeSwiftUIApp.swift */ = {isa = PBXFileReference; lastKnownFileType = sourcecode.swift; path = DesignCodeSwiftUIApp.swift; sourceTree = "<group>"; };
		AF1174322969BF4100EDF86F /* Assets.xcassets */ = {isa = PBXFileReference; lastKnownFileType = folder.assetcatalog; path = Assets.xcassets; sourceTree = "<group>"; };
		AF1174352969BF4100EDF86F /* Preview Assets.xcassets */ = {isa = PBXFileReference; lastKnownFileType = folder.assetcatalog; path = "Preview Assets.xcassets"; sourceTree = "<group>"; };
		AF2056EF296AF776005928A8 /* StrokeStyle.swift */ = {isa = PBXFileReference; lastKnownFileType = sourcecode.swift; path = StrokeStyle.swift; sourceTree = "<group>"; };
		AF2056F1296AFB33005928A8 /* AccountView.swift */ = {isa = PBXFileReference; lastKnownFileType = sourcecode.swift; path = AccountView.swift; sourceTree = "<group>"; };
		AF2056F3296B0785005928A8 /* BlobView.swift */ = {isa = PBXFileReference; lastKnownFileType = sourcecode.swift; path = BlobView.swift; sourceTree = "<group>"; };
		AF2056F5296B118F005928A8 /* TabBar.swift */ = {isa = PBXFileReference; lastKnownFileType = sourcecode.swift; path = TabBar.swift; sourceTree = "<group>"; };
		AF2056F7296B1507005928A8 /* TabItem.swift */ = {isa = PBXFileReference; lastKnownFileType = sourcecode.swift; path = TabItem.swift; sourceTree = "<group>"; };
		AF4F2C6A297340D4004F62F6 /* TabBarItemPreferenceKey.swift */ = {isa = PBXFileReference; lastKnownFileType = sourcecode.swift; path = TabBarItemPreferenceKey.swift; sourceTree = "<group>"; };
		AF4F2C6C29734F3A004F62F6 /* SelectedTabBarItemKey.swift */ = {isa = PBXFileReference; lastKnownFileType = sourcecode.swift; path = SelectedTabBarItemKey.swift; sourceTree = "<group>"; };
		AF4F2C6E297356F4004F62F6 /* AppTabBar.swift */ = {isa = PBXFileReference; lastKnownFileType = sourcecode.swift; path = AppTabBar.swift; sourceTree = "<group>"; };
		AF4F2C77297358C7004F62F6 /* HomeView.swift */ = {isa = PBXFileReference; lastKnownFileType = sourcecode.swift; path = HomeView.swift; sourceTree = "<group>"; };
		AF4F2C7A29735918004F62F6 /* FeaturedItem.swift */ = {isa = PBXFileReference; lastKnownFileType = sourcecode.swift; path = FeaturedItem.swift; sourceTree = "<group>"; };
		AF4F2C7C29735A05004F62F6 /* NavigationBar.swift */ = {isa = PBXFileReference; lastKnownFileType = sourcecode.swift; path = NavigationBar.swift; sourceTree = "<group>"; };
		AFC8B1B82972F2CA002BF454 /* RoundedCornerShape.swift */ = {isa = PBXFileReference; lastKnownFileType = sourcecode.swift; path = RoundedCornerShape.swift; sourceTree = "<group>"; };
		AFF395F529744268001D073A /* ScrollPreferenceKey.swift */ = {isa = PBXFileReference; lastKnownFileType = sourcecode.swift; path = ScrollPreferenceKey.swift; sourceTree = "<group>"; };
		AFF395F729744A1D001D073A /* AnimatableFontModifier.swift */ = {isa = PBXFileReference; lastKnownFileType = sourcecode.swift; path = AnimatableFontModifier.swift; sourceTree = "<group>"; };
		AFF395F929744E62001D073A /* Course.swift */ = {isa = PBXFileReference; lastKnownFileType = sourcecode.swift; path = Course.swift; sourceTree = "<group>"; };
/* End PBXFileReference section */

/* Begin PBXFrameworksBuildPhase section */
		AF1174282969BF3F00EDF86F /* Frameworks */ = {
			isa = PBXFrameworksBuildPhase;
			buildActionMask = 2147483647;
			files = (
			);
			runOnlyForDeploymentPostprocessing = 0;
		};
/* End PBXFrameworksBuildPhase section */

/* Begin PBXGroup section */
		AF1174222969BF3F00EDF86F = {
			isa = PBXGroup;
			children = (
				AF11742D2969BF3F00EDF86F /* DesignCodeSwiftUI */,
				AF11742C2969BF3F00EDF86F /* Products */,
			);
			sourceTree = "<group>";
		};
		AF11742C2969BF3F00EDF86F /* Products */ = {
			isa = PBXGroup;
			children = (
				AF11742B2969BF3F00EDF86F /* DesignCodeSwiftUI.app */,
			);
			name = Products;
			sourceTree = "<group>";
		};
		AF11742D2969BF3F00EDF86F /* DesignCodeSwiftUI */ = {
			isa = PBXGroup;
			children = (
				AF4F2C7229735763004F62F6 /* Application */,
				AF2056F3296B0785005928A8 /* BlobView.swift */,
				AF2056F1296AFB33005928A8 /* AccountView.swift */,
				AF4F2C75297357EC004F62F6 /* Core */,
				AF4F2C702973572B004F62F6 /* Screens */,
				AF1174322969BF4100EDF86F /* Assets.xcassets */,
				AF1174342969BF4100EDF86F /* Preview Content */,
			);
			path = DesignCodeSwiftUI;
			sourceTree = "<group>";
		};
		AF1174342969BF4100EDF86F /* Preview Content */ = {
			isa = PBXGroup;
			children = (
				AF1174352969BF4100EDF86F /* Preview Assets.xcassets */,
			);
			path = "Preview Content";
			sourceTree = "<group>";
		};
		AF4F2C702973572B004F62F6 /* Screens */ = {
			isa = PBXGroup;
			children = (
				AF4F2C7129735746004F62F6 /* TabBar */,
				AF4F2C76297358B5004F62F6 /* Home */,
			);
			path = Screens;
			sourceTree = "<group>";
		};
		AF4F2C7129735746004F62F6 /* TabBar */ = {
			isa = PBXGroup;
			children = (
				AF4F2C6E297356F4004F62F6 /* AppTabBar.swift */,
				AFC8B1B72972F2B9002BF454 /* TabBar */,
			);
			path = TabBar;
			sourceTree = "<group>";
		};
		AF4F2C7229735763004F62F6 /* Application */ = {
			isa = PBXGroup;
			children = (
				AF11742E2969BF3F00EDF86F /* DesignCodeSwiftUIApp.swift */,
			);
			path = Application;
			sourceTree = "<group>";
		};
		AF4F2C73297357A4004F62F6 /* Views */ = {
			isa = PBXGroup;
			children = (
				AFC8B1B82972F2CA002BF454 /* RoundedCornerShape.swift */,
				AF4F2C7C29735A05004F62F6 /* NavigationBar.swift */,
			);
			path = Views;
			sourceTree = "<group>";
		};
		AF4F2C74297357DF004F62F6 /* Styles */ = {
			isa = PBXGroup;
			children = (
				AF2056EF296AF776005928A8 /* StrokeStyle.swift */,
				AFF395F729744A1D001D073A /* AnimatableFontModifier.swift */,
			);
			path = Styles;
			sourceTree = "<group>";
		};
		AF4F2C75297357EC004F62F6 /* Core */ = {
			isa = PBXGroup;
			children = (
				AF4F2C73297357A4004F62F6 /* Views */,
				AF4F2C74297357DF004F62F6 /* Styles */,
			);
			path = Core;
			sourceTree = "<group>";
		};
		AF4F2C76297358B5004F62F6 /* Home */ = {
			isa = PBXGroup;
			children = (
				AF4F2C77297358C7004F62F6 /* HomeView.swift */,
				AFF395FC297451CF001D073A /* Models */,
				AFF395FB297451C3001D073A /* Styles */,
				AF4F2C7929735906004F62F6 /* Views */,
			);
			path = Home;
			sourceTree = "<group>";
		};
		AF4F2C7929735906004F62F6 /* Views */ = {
			isa = PBXGroup;
			children = (
				AF4F2C7A29735918004F62F6 /* FeaturedItem.swift */,
			);
			path = Views;
			sourceTree = "<group>";
		};
		AFC8B1B72972F2B9002BF454 /* TabBar */ = {
			isa = PBXGroup;
			children = (
				AF2056F5296B118F005928A8 /* TabBar.swift */,
				AF2056F7296B1507005928A8 /* TabItem.swift */,
				AF4F2C6A297340D4004F62F6 /* TabBarItemPreferenceKey.swift */,
				AF4F2C6C29734F3A004F62F6 /* SelectedTabBarItemKey.swift */,
			);
			path = TabBar;
			sourceTree = "<group>";
		};
		AFF395FB297451C3001D073A /* Styles */ = {
			isa = PBXGroup;
			children = (
				AFF395F529744268001D073A /* ScrollPreferenceKey.swift */,
			);
			path = Styles;
			sourceTree = "<group>";
		};
		AFF395FC297451CF001D073A /* Models */ = {
			isa = PBXGroup;
			children = (
				AFF395F929744E62001D073A /* Course.swift */,
			);
			path = Models;
			sourceTree = "<group>";
		};
/* End PBXGroup section */

/* Begin PBXNativeTarget section */
		AF11742A2969BF3F00EDF86F /* DesignCodeSwiftUI */ = {
			isa = PBXNativeTarget;
			buildConfigurationList = AF1174392969BF4100EDF86F /* Build configuration list for PBXNativeTarget "DesignCodeSwiftUI" */;
			buildPhases = (
				AF1174272969BF3F00EDF86F /* Sources */,
				AF1174282969BF3F00EDF86F /* Frameworks */,
				AF1174292969BF3F00EDF86F /* Resources */,
			);
			buildRules = (
			);
			dependencies = (
			);
			name = DesignCodeSwiftUI;
			productName = DesignCodeSwiftUI;
			productReference = AF11742B2969BF3F00EDF86F /* DesignCodeSwiftUI.app */;
			productType = "com.apple.product-type.application";
		};
/* End PBXNativeTarget section */

/* Begin PBXProject section */
		AF1174232969BF3F00EDF86F /* Project object */ = {
			isa = PBXProject;
			attributes = {
				BuildIndependentTargetsInParallel = 1;
				LastSwiftUpdateCheck = 1420;
				LastUpgradeCheck = 1420;
				TargetAttributes = {
					AF11742A2969BF3F00EDF86F = {
						CreatedOnToolsVersion = 14.2;
					};
				};
			};
			buildConfigurationList = AF1174262969BF3F00EDF86F /* Build configuration list for PBXProject "DesignCodeSwiftUI" */;
			compatibilityVersion = "Xcode 14.0";
			developmentRegion = en;
			hasScannedForEncodings = 0;
			knownRegions = (
				en,
				Base,
			);
			mainGroup = AF1174222969BF3F00EDF86F;
			productRefGroup = AF11742C2969BF3F00EDF86F /* Products */;
			projectDirPath = "";
			projectRoot = "";
			targets = (
				AF11742A2969BF3F00EDF86F /* DesignCodeSwiftUI */,
			);
		};
/* End PBXProject section */

/* Begin PBXResourcesBuildPhase section */
		AF1174292969BF3F00EDF86F /* Resources */ = {
			isa = PBXResourcesBuildPhase;
			buildActionMask = 2147483647;
			files = (
				AF1174362969BF4100EDF86F /* Preview Assets.xcassets in Resources */,
				AF1174332969BF4100EDF86F /* Assets.xcassets in Resources */,
			);
			runOnlyForDeploymentPostprocessing = 0;
		};
/* End PBXResourcesBuildPhase section */

/* Begin PBXSourcesBuildPhase section */
		AF1174272969BF3F00EDF86F /* Sources */ = {
			isa = PBXSourcesBuildPhase;
			buildActionMask = 2147483647;
			files = (
				AF2056F4296B0785005928A8 /* BlobView.swift in Sources */,
				AF2056F2296AFB33005928A8 /* AccountView.swift in Sources */,
				AF2056F8296B1507005928A8 /* TabItem.swift in Sources */,
				AFF395F629744268001D073A /* ScrollPreferenceKey.swift in Sources */,
				AF4F2C6D29734F3A004F62F6 /* SelectedTabBarItemKey.swift in Sources */,
				AF4F2C7D29735A05004F62F6 /* NavigationBar.swift in Sources */,
				AF2056F6296B118F005928A8 /* TabBar.swift in Sources */,
				AF2056F0296AF776005928A8 /* StrokeStyle.swift in Sources */,
				AFF395FA29744E62001D073A /* Course.swift in Sources */,
				AFF395F829744A1D001D073A /* AnimatableFontModifier.swift in Sources */,
				AF4F2C6F297356F4004F62F6 /* AppTabBar.swift in Sources */,
				AF11742F2969BF3F00EDF86F /* DesignCodeSwiftUIApp.swift in Sources */,
				AF4F2C7B29735918004F62F6 /* FeaturedItem.swift in Sources */,
				AF4F2C78297358C7004F62F6 /* HomeView.swift in Sources */,
				AFC8B1B92972F2CA002BF454 /* RoundedCornerShape.swift in Sources */,
				AF4F2C6B297340D4004F62F6 /* TabBarItemPreferenceKey.swift in Sources */,
			);
			runOnlyForDeploymentPostprocessing = 0;
		};
/* End PBXSourcesBuildPhase section */

/* Begin XCBuildConfiguration section */
		AF1174372969BF4100EDF86F /* Debug */ = {
			isa = XCBuildConfiguration;
			buildSettings = {
				ALWAYS_SEARCH_USER_PATHS = NO;
				CLANG_ANALYZER_NONNULL = YES;
				CLANG_ANALYZER_NUMBER_OBJECT_CONVERSION = YES_AGGRESSIVE;
				CLANG_CXX_LANGUAGE_STANDARD = "gnu++20";
				CLANG_ENABLE_MODULES = YES;
				CLANG_ENABLE_OBJC_ARC = YES;
				CLANG_ENABLE_OBJC_WEAK = YES;
				CLANG_WARN_BLOCK_CAPTURE_AUTORELEASING = YES;
				CLANG_WARN_BOOL_CONVERSION = YES;
				CLANG_WARN_COMMA = YES;
				CLANG_WARN_CONSTANT_CONVERSION = YES;
				CLANG_WARN_DEPRECATED_OBJC_IMPLEMENTATIONS = YES;
				CLANG_WARN_DIRECT_OBJC_ISA_USAGE = YES_ERROR;
				CLANG_WARN_DOCUMENTATION_COMMENTS = YES;
				CLANG_WARN_EMPTY_BODY = YES;
				CLANG_WARN_ENUM_CONVERSION = YES;
				CLANG_WARN_INFINITE_RECURSION = YES;
				CLANG_WARN_INT_CONVERSION = YES;
				CLANG_WARN_NON_LITERAL_NULL_CONVERSION = YES;
				CLANG_WARN_OBJC_IMPLICIT_RETAIN_SELF = YES;
				CLANG_WARN_OBJC_LITERAL_CONVERSION = YES;
				CLANG_WARN_OBJC_ROOT_CLASS = YES_ERROR;
				CLANG_WARN_QUOTED_INCLUDE_IN_FRAMEWORK_HEADER = YES;
				CLANG_WARN_RANGE_LOOP_ANALYSIS = YES;
				CLANG_WARN_STRICT_PROTOTYPES = YES;
				CLANG_WARN_SUSPICIOUS_MOVE = YES;
				CLANG_WARN_UNGUARDED_AVAILABILITY = YES_AGGRESSIVE;
				CLANG_WARN_UNREACHABLE_CODE = YES;
				CLANG_WARN__DUPLICATE_METHOD_MATCH = YES;
				COPY_PHASE_STRIP = NO;
				DEBUG_INFORMATION_FORMAT = dwarf;
				ENABLE_STRICT_OBJC_MSGSEND = YES;
				ENABLE_TESTABILITY = YES;
				GCC_C_LANGUAGE_STANDARD = gnu11;
				GCC_DYNAMIC_NO_PIC = NO;
				GCC_NO_COMMON_BLOCKS = YES;
				GCC_OPTIMIZATION_LEVEL = 0;
				GCC_PREPROCESSOR_DEFINITIONS = (
					"DEBUG=1",
					"$(inherited)",
				);
				GCC_WARN_64_TO_32_BIT_CONVERSION = YES;
				GCC_WARN_ABOUT_RETURN_TYPE = YES_ERROR;
				GCC_WARN_UNDECLARED_SELECTOR = YES;
				GCC_WARN_UNINITIALIZED_AUTOS = YES_AGGRESSIVE;
				GCC_WARN_UNUSED_FUNCTION = YES;
				GCC_WARN_UNUSED_VARIABLE = YES;
				IPHONEOS_DEPLOYMENT_TARGET = 16.2;
				MTL_ENABLE_DEBUG_INFO = INCLUDE_SOURCE;
				MTL_FAST_MATH = YES;
				ONLY_ACTIVE_ARCH = YES;
				SDKROOT = iphoneos;
				SWIFT_ACTIVE_COMPILATION_CONDITIONS = DEBUG;
				SWIFT_OPTIMIZATION_LEVEL = "-Onone";
			};
			name = Debug;
		};
		AF1174382969BF4100EDF86F /* Release */ = {
			isa = XCBuildConfiguration;
			buildSettings = {
				ALWAYS_SEARCH_USER_PATHS = NO;
				CLANG_ANALYZER_NONNULL = YES;
				CLANG_ANALYZER_NUMBER_OBJECT_CONVERSION = YES_AGGRESSIVE;
				CLANG_CXX_LANGUAGE_STANDARD = "gnu++20";
				CLANG_ENABLE_MODULES = YES;
				CLANG_ENABLE_OBJC_ARC = YES;
				CLANG_ENABLE_OBJC_WEAK = YES;
				CLANG_WARN_BLOCK_CAPTURE_AUTORELEASING = YES;
				CLANG_WARN_BOOL_CONVERSION = YES;
				CLANG_WARN_COMMA = YES;
				CLANG_WARN_CONSTANT_CONVERSION = YES;
				CLANG_WARN_DEPRECATED_OBJC_IMPLEMENTATIONS = YES;
				CLANG_WARN_DIRECT_OBJC_ISA_USAGE = YES_ERROR;
				CLANG_WARN_DOCUMENTATION_COMMENTS = YES;
				CLANG_WARN_EMPTY_BODY = YES;
				CLANG_WARN_ENUM_CONVERSION = YES;
				CLANG_WARN_INFINITE_RECURSION = YES;
				CLANG_WARN_INT_CONVERSION = YES;
				CLANG_WARN_NON_LITERAL_NULL_CONVERSION = YES;
				CLANG_WARN_OBJC_IMPLICIT_RETAIN_SELF = YES;
				CLANG_WARN_OBJC_LITERAL_CONVERSION = YES;
				CLANG_WARN_OBJC_ROOT_CLASS = YES_ERROR;
				CLANG_WARN_QUOTED_INCLUDE_IN_FRAMEWORK_HEADER = YES;
				CLANG_WARN_RANGE_LOOP_ANALYSIS = YES;
				CLANG_WARN_STRICT_PROTOTYPES = YES;
				CLANG_WARN_SUSPICIOUS_MOVE = YES;
				CLANG_WARN_UNGUARDED_AVAILABILITY = YES_AGGRESSIVE;
				CLANG_WARN_UNREACHABLE_CODE = YES;
				CLANG_WARN__DUPLICATE_METHOD_MATCH = YES;
				COPY_PHASE_STRIP = NO;
				DEBUG_INFORMATION_FORMAT = "dwarf-with-dsym";
				ENABLE_NS_ASSERTIONS = NO;
				ENABLE_STRICT_OBJC_MSGSEND = YES;
				GCC_C_LANGUAGE_STANDARD = gnu11;
				GCC_NO_COMMON_BLOCKS = YES;
				GCC_WARN_64_TO_32_BIT_CONVERSION = YES;
				GCC_WARN_ABOUT_RETURN_TYPE = YES_ERROR;
				GCC_WARN_UNDECLARED_SELECTOR = YES;
				GCC_WARN_UNINITIALIZED_AUTOS = YES_AGGRESSIVE;
				GCC_WARN_UNUSED_FUNCTION = YES;
				GCC_WARN_UNUSED_VARIABLE = YES;
				IPHONEOS_DEPLOYMENT_TARGET = 16.2;
				MTL_ENABLE_DEBUG_INFO = NO;
				MTL_FAST_MATH = YES;
				SDKROOT = iphoneos;
				SWIFT_COMPILATION_MODE = wholemodule;
				SWIFT_OPTIMIZATION_LEVEL = "-O";
				VALIDATE_PRODUCT = YES;
			};
			name = Release;
		};
		AF11743A2969BF4100EDF86F /* Debug */ = {
			isa = XCBuildConfiguration;
			buildSettings = {
				ASSETCATALOG_COMPILER_APPICON_NAME = AppIcon;
				ASSETCATALOG_COMPILER_GLOBAL_ACCENT_COLOR_NAME = AccentColor;
				CODE_SIGN_STYLE = Automatic;
				CURRENT_PROJECT_VERSION = 1;
				DEVELOPMENT_ASSET_PATHS = "\"DesignCodeSwiftUI/Preview Content\"";
				DEVELOPMENT_TEAM = 7B475922E3;
				ENABLE_PREVIEWS = YES;
				GENERATE_INFOPLIST_FILE = YES;
				INFOPLIST_KEY_UIApplicationSceneManifest_Generation = YES;
				INFOPLIST_KEY_UIApplicationSupportsIndirectInputEvents = YES;
				INFOPLIST_KEY_UILaunchScreen_Generation = YES;
				INFOPLIST_KEY_UISupportedInterfaceOrientations_iPad = "UIInterfaceOrientationPortrait UIInterfaceOrientationPortraitUpsideDown UIInterfaceOrientationLandscapeLeft UIInterfaceOrientationLandscapeRight";
				INFOPLIST_KEY_UISupportedInterfaceOrientations_iPhone = "UIInterfaceOrientationPortrait UIInterfaceOrientationLandscapeLeft UIInterfaceOrientationLandscapeRight";
				LD_RUNPATH_SEARCH_PATHS = (
					"$(inherited)",
					"@executable_path/Frameworks",
				);
				MARKETING_VERSION = 1.0;
				PRODUCT_BUNDLE_IDENTIFIER = com.arturremizov.DesignCodeSwiftUI;
				PRODUCT_NAME = "$(TARGET_NAME)";
				SWIFT_EMIT_LOC_STRINGS = YES;
				SWIFT_VERSION = 5.0;
				TARGETED_DEVICE_FAMILY = "1,2";
			};
			name = Debug;
		};
		AF11743B2969BF4100EDF86F /* Release */ = {
			isa = XCBuildConfiguration;
			buildSettings = {
				ASSETCATALOG_COMPILER_APPICON_NAME = AppIcon;
				ASSETCATALOG_COMPILER_GLOBAL_ACCENT_COLOR_NAME = AccentColor;
				CODE_SIGN_STYLE = Automatic;
				CURRENT_PROJECT_VERSION = 1;
				DEVELOPMENT_ASSET_PATHS = "\"DesignCodeSwiftUI/Preview Content\"";
				DEVELOPMENT_TEAM = 7B475922E3;
				ENABLE_PREVIEWS = YES;
				GENERATE_INFOPLIST_FILE = YES;
				INFOPLIST_KEY_UIApplicationSceneManifest_Generation = YES;
				INFOPLIST_KEY_UIApplicationSupportsIndirectInputEvents = YES;
				INFOPLIST_KEY_UILaunchScreen_Generation = YES;
				INFOPLIST_KEY_UISupportedInterfaceOrientations_iPad = "UIInterfaceOrientationPortrait UIInterfaceOrientationPortraitUpsideDown UIInterfaceOrientationLandscapeLeft UIInterfaceOrientationLandscapeRight";
				INFOPLIST_KEY_UISupportedInterfaceOrientations_iPhone = "UIInterfaceOrientationPortrait UIInterfaceOrientationLandscapeLeft UIInterfaceOrientationLandscapeRight";
				LD_RUNPATH_SEARCH_PATHS = (
					"$(inherited)",
					"@executable_path/Frameworks",
				);
				MARKETING_VERSION = 1.0;
				PRODUCT_BUNDLE_IDENTIFIER = com.arturremizov.DesignCodeSwiftUI;
				PRODUCT_NAME = "$(TARGET_NAME)";
				SWIFT_EMIT_LOC_STRINGS = YES;
				SWIFT_VERSION = 5.0;
				TARGETED_DEVICE_FAMILY = "1,2";
			};
			name = Release;
		};
/* End XCBuildConfiguration section */

/* Begin XCConfigurationList section */
		AF1174262969BF3F00EDF86F /* Build configuration list for PBXProject "DesignCodeSwiftUI" */ = {
			isa = XCConfigurationList;
			buildConfigurations = (
				AF1174372969BF4100EDF86F /* Debug */,
				AF1174382969BF4100EDF86F /* Release */,
			);
			defaultConfigurationIsVisible = 0;
			defaultConfigurationName = Release;
		};
		AF1174392969BF4100EDF86F /* Build configuration list for PBXNativeTarget "DesignCodeSwiftUI" */ = {
			isa = XCConfigurationList;
			buildConfigurations = (
				AF11743A2969BF4100EDF86F /* Debug */,
				AF11743B2969BF4100EDF86F /* Release */,
			);
			defaultConfigurationIsVisible = 0;
			defaultConfigurationName = Release;
		};
/* End XCConfigurationList section */
	};
	rootObject = AF1174232969BF3F00EDF86F /* Project object */;
}
